<?xml version="1.0" encoding="utf-8"?>
<Project ToolsVersion="4.0" xmlns="http://schemas.microsoft.com/developer/msbuild/2003">
  <ItemGroup>
    <Filter Include="SHCompress">
      <UniqueIdentifier>{6d07af50-9a73-4ec0-8794-624011db80e2}</UniqueIdentifier>
    </Filter>
  </ItemGroup>
  <ItemGroup>
    <ClCompile Include="lodepng\lodepng.cpp" />
    <ClCompile Include="Preview.cpp" />
    <ClCompile Include="Main.cpp" />
    <ClCompile Include="Compress\SHCompress.cpp">
      <Filter>SHCompress</Filter>
    </ClCompile>
  </ItemGroup>
  <ItemGroup>
    <ClInclude Include="Compress\SHCompress.h">
      <Filter>SHCompress</Filter>
    </ClInclude>
  </ItemGroup>
</Project>